<?xml version="1.0" encoding="utf-8"?>
<Project ToolsVersion="4.0" xmlns="http://schemas.microsoft.com/developer/msbuild/2003">
  <ItemGroup>
    <ClInclude Include="VulkanRenderer.h" />
    <ClInclude Include="utils.h" />
  </ItemGroup>
  <ItemGroup>
    <ClCompile Include="main.cpp" />
    <ClCompile Include="VulkanRenderer.cpp" />
    <ClCompile Include="utils.cpp" />
  </ItemGroup>
  <ItemGroup>
    <Filter Include="shaders">
      <UniqueIdentifier>{9c509c0e-367c-42f5-9c19-1ac0710a7e03}</UniqueIdentifier>
      <Extensions>frag;vert</Extensions>
    </Filter>
  </ItemGroup>
  <ItemGroup>
    <None Include="shaders\shader.vert">
      <Filter>shaders</Filter>
    </None>
    <None Include="shaders\*">
      <Filter>shaders</Filter>
    </None>
  </ItemGroup>
</Project>